#
# This file is autogenerated by pip-compile with Python 3.14
# To update, run:
#
#    pip-compile requirements.txt
#
coloredlogs==15.0.1
    # via onnxruntime-gpu
cython==3.0.11
    # via insightface
easydict==1.13
    # via insightface
flatbuffers==24.3.25
    # via onnxruntime-gpu
humanfriendly==10.0
    # via coloredlogs
insightface==0.7.3
    # via -r requirements.txt
numpy==1.26.4
    # via
    #   -r requirements.txt
    #   insightface
    #   onnxruntime-gpu
    #   opencv-python
    #   scipy
onnxruntime-gpu==1.17.1
    # via -r requirements.txt
opencv-python==4.9.0.80
    # via -r requirements.txt
packaging==24.2
    # via onnxruntime-gpu
pillow==11.0.0
    # via insightface
protobuf==5.28.3
    # via onnxruntime-gpu
requests==2.32.3
    # via insightface
scipy==1.13.1
    # via
    #   -r requirements.txt
    #   insightface
sympy==1.13.3
    # via onnxruntime-gpu
tqdm==4.67.1
    # via insightface
