#
# This file is autogenerated by pip-compile with Python 3.10
# by the following command:
#
#    pip-compile --output-file=requirements.lock requirements.txt
#
albucore==0.0.24
    # via albumentations
albumentations==2.0.8
    # via insightface
annotated-types==0.7.0
    # via pydantic
certifi==2026.5.20
    # via requests
charset-normalizer==3.4.7
    # via requests
colorama==0.4.6
    # via tqdm
coloredlogs==15.0.1
    # via onnxruntime-gpu
contourpy==1.3.2
    # via matplotlib
cycler==0.12.1
    # via matplotlib
cython==3.0.11
    # via insightface
easydict==1.13
    # via insightface
flatbuffers==24.3.25
    # via onnxruntime-gpu
fonttools==4.63.0
    # via matplotlib
humanfriendly==10.0
    # via coloredlogs
idna==3.17
    # via requests
imageio==2.37.3
    # via scikit-image
insightface==0.7.3
    # via -r requirements.txt
joblib==1.5.3
    # via scikit-learn
kiwisolver==1.5.0
    # via matplotlib
lazy-loader==0.5
    # via scikit-image
matplotlib==3.10.9
    # via insightface
ml-dtypes==0.5.4
    # via onnx
mpmath==1.3.0
    # via sympy
networkx==3.4.2
    # via scikit-image
numpy==1.26.4
    # via
    #   -r requirements.txt
    #   albucore
    #   albumentations
    #   contourpy
    #   imageio
    #   insightface
    #   matplotlib
    #   ml-dtypes
    #   onnx
    #   onnxruntime-gpu
    #   opencv-python
    #   opencv-python-headless
    #   scikit-image
    #   scikit-learn
    #   scipy
    #   tifffile
onnx==1.21.0
    # via insightface
onnxruntime-gpu==1.17.1
    # via -r requirements.txt
opencv-python==4.9.0.80
    # via -r requirements.txt
opencv-python-headless==4.11.0.86
    # via
    #   albucore
    #   albumentations
packaging==24.2
    # via
    #   lazy-loader
    #   matplotlib
    #   onnxruntime-gpu
    #   scikit-image
pillow==12.2.0
    # via
    #   -r requirements.txt
    #   imageio
    #   insightface
    #   matplotlib
    #   scikit-image
prettytable==3.17.0
    # via insightface
protobuf==7.35.0
    # via
    #   -r requirements.txt
    #   onnx
    #   onnxruntime-gpu
pydantic==2.13.4
    # via albumentations
pydantic-core==2.46.4
    # via pydantic
pyparsing==3.3.2
    # via matplotlib
pyreadline3==3.5.6
    # via humanfriendly
python-dateutil==2.9.0.post0
    # via matplotlib
pyyaml==6.0.3
    # via albumentations
requests==2.34.2
    # via
    #   -r requirements.txt
    #   insightface
scikit-image==0.25.2
    # via insightface
scikit-learn==1.7.2
    # via insightface
scipy==1.13.1
    # via
    #   albumentations
    #   insightface
    #   scikit-image
    #   scikit-learn
simsimd==6.5.16
    # via albucore
six==1.17.0
    # via python-dateutil
stringzilla==4.6.1
    # via albucore
sympy==1.13.3
    # via onnxruntime-gpu
threadpoolctl==3.6.0
    # via scikit-learn
tifffile==2025.5.10
    # via scikit-image
tqdm==4.67.1
    # via insightface
typing-extensions==4.15.0
    # via
    #   onnx
    #   pydantic
    #   pydantic-core
    #   typing-inspection
typing-inspection==0.4.2
    # via pydantic
urllib3==2.7.0
    # via requests
wcwidth==0.7.0
    # via prettytable
